<?xml version="1.0" encoding="utf-8"?>
<Project ToolsVersion="4.0" xmlns="http://schemas.microsoft.com/developer/msbuild/2003">
  <ItemGroup>
    <Filter Include="engine">
      <UniqueIdentifier>{FBDB78FB-E77D-A3D1-D038-B725BC792A22}</UniqueIdentifier>
    </Filter>
  </ItemGroup>
  <ItemGroup>
    <ClInclude Include="LearnOpenGL\LearnOpenGL\src\Engine.h" />
    <ClInclude Include="LearnOpenGL\LearnOpenGL\src\engine\Application.h">
      <Filter>engine</Filter>
    </ClInclude>
    <ClInclude Include="LearnOpenGL\LearnOpenGL\src\engine\Core.h">
      <Filter>engine</Filter>
    </ClInclude>
    <ClInclude Include="LearnOpenGL\LearnOpenGL\src\engine\Entry_Point.h">
      <Filter>engine</Filter>
    </ClInclude>
    <ClInclude Include="LearnOpenGL\LearnOpenGL\src\engine\Events.h">
      <Filter>engine</Filter>
    </ClInclude>
    <ClInclude Include="LearnOpenGL\LearnOpenGL\src\engine\Layer.h">
      <Filter>engine</Filter>
    </ClInclude>
    <ClInclude Include="LearnOpenGL\LearnOpenGL\src\engine\Logger.h">
      <Filter>engine</Filter>
    </ClInclude>
    <ClInclude Include="LearnOpenGL\LearnOpenGL\src\engine\Window.h">
      <Filter>engine</Filter>
    </ClInclude>
    <ClInclude Include="LearnOpenGL\LearnOpenGL\src\pch.h" />
  </ItemGroup>
  <ItemGroup>
    <ClCompile Include="LearnOpenGL\LearnOpenGL\src\engine\Application.cpp">
      <Filter>engine</Filter>
    </ClCompile>
    <ClCompile Include="LearnOpenGL\LearnOpenGL\src\engine\Layer.cpp">
      <Filter>engine</Filter>
    </ClCompile>
    <ClCompile Include="LearnOpenGL\LearnOpenGL\src\engine\Logger.cpp">
      <Filter>engine</Filter>
    </ClCompile>
    <ClCompile Include="LearnOpenGL\LearnOpenGL\src\engine\Window.cpp">
      <Filter>engine</Filter>
    </ClCompile>
    <ClCompile Include="LearnOpenGL\LearnOpenGL\src\main.cpp" />
    <ClCompile Include="LearnOpenGL\LearnOpenGL\src\pch.cpp" />
  </ItemGroup>
</Project>